
Microsoft Visual Studio Solution File, Format Version 12.00
# Visual Studio Version 16
VisualStudioVersion = 16.0.29911.84
MinimumVisualStudioVersion = 10.0.40219.1
Project("{FAE04EC0-301F-11D3-BF4B-00C04F79EFBC}") = "lab 2_1", "lab 2_1\lab 2_1.csproj", "{F1448934-AA3A-4F04-A14A-1C72ABEC4F4F}"
EndProject
Global
	GlobalSection(SolutionConfigurationPlatforms) = preSolution
		Debug|Any CPU = Debug|Any CPU
		Release|Any CPU = Release|Any CPU
	EndGlobalSection
	GlobalSection(ProjectConfigurationPlatforms) = postSolution
		{F1448934-AA3A-4F04-A14A-1C72ABEC4F4F}.Debug|Any CPU.ActiveCfg = Debug|Any CPU
		{F1448934-AA3A-4F04-A14A-1C72ABEC4F4F}.Debug|Any CPU.Build.0 = Debug|Any CPU
		{F1448934-AA3A-4F04-A14A-1C72ABEC4F4F}.Release|Any CPU.ActiveCfg = Release|Any CPU
		{F1448934-AA3A-4F04-A14A-1C72ABEC4F4F}.Release|Any CPU.Build.0 = Release|Any CPU
	EndGlobalSection
	GlobalSection(SolutionProperties) = preSolution
		HideSolutionNode = FALSE
	EndGlobalSection
	GlobalSection(ExtensibilityGlobals) = postSolution
		SolutionGuid = {F4868DF0-D0DA-474D-B270-FD6531886FC5}
	EndGlobalSection
EndGlobal
